{
  "object": {
    "pins": [
      {
        "package": "RollbarSDK",
        "repositoryURL": "https://github.com/rollbar/rollbar-ios",
        "state": {
          "branch": "v2.0.0-alpha13",
          "revision": "e6a090c60b2fd3d0eaaccce2e085f9017c702f7b",
          "version": null
        }
      }
    ]
  },
  "version": 1
}
